{
  "name": "mesdevissansoublis",
  "lockfileVersion": 3,
  "requires": true,
  "packages": {
    "": {
      "name": "mesdevissansoublis",
      "dependencies": {
        "@gouvfr/dsfr": "^1.13"
      },
      "engines": {
        "node": ">= 22.0.0"
      }
    },
    "node_modules/@gouvfr/dsfr": {
      "version": "1.13.1",
      "resolved": "https://registry.npmjs.org/@gouvfr/dsfr/-/dsfr-1.13.1.tgz",
      "integrity": "sha512-dCB0YuQ8YczGYT1qPO0nDYYQCq7As58DSPR59bDIsxYRgzq8D0UT8oVgzDCn6vWHzomnB0E/41LZ0mQ2kYi3CQ==",
      "license": "SEE LICENSE IN LICENSE.md",
      "engines": {
        "node": ">=18.16.1"
      }
    }
  }
}
